# This file was autogenerated by Stack.
# You should not edit this file by hand.
# For more information, please see the documentation at:
#   https://docs.haskellstack.org/en/stable/lock_files

packages:
- completed:
    name: resource-pool
    pantry-tree:
      sha256: 3ecb8504d35388ec7ad1d2704e2ca51049947bffbd1774ff79a5f2635bdf2eff
      size: 479
    commit: bc7451a91d5f237316e02149d8f97f22899db51c
    git: https://github.com/fintech-development/resource-pool
    version: 0.4.0.0
  original:
    commit: bc7451a91d5f237316e02149d8f97f22899db51c
    git: https://github.com/fintech-development/resource-pool
snapshots:
- completed:
    sha256: 88b4f81e162ba3adc230a9fcccc4d19ac116377656bab56c7382ca88598b257a
    size: 587546
    url: https://raw.githubusercontent.com/commercialhaskell/stackage-snapshots/master/lts/18/10.yaml
  original: lts-18.10
